
Microsoft Visual Studio Solution File, Format Version 12.00
# Visual Studio Version 17
VisualStudioVersion = 17.14.36511.14 d17.14
MinimumVisualStudioVersion = 10.0.40219.1
Project("{2150E333-8FDC-42A3-9474-1A3956D46DE8}") = "Task0", "Task0", "{02EA681E-C7D8-13C7-8484-4AC65E1B71E8}"
EndProject
Project("{FAE04EC0-301F-11D3-BF4B-00C04F79EFBC}") = "Tyuiu.AristovaAK.Sprint3.Task0.V2", "Tyuiu.AristovaAK.Sprint3.Task0.V2\Tyuiu.AristovaAK.Sprint3.Task0.V2.csproj", "{9E374DDD-80C4-4EA6-8638-E3928A545478}"
EndProject
Project("{FAE04EC0-301F-11D3-BF4B-00C04F79EFBC}") = "Tyuiu.AristovaAK.Sprint3.Task0.V2.Test", "Tyuiu.AristovaAK.Sprint3.Task0.V2.Test\Tyuiu.AristovaAK.Sprint3.Task0.V2.Test.csproj", "{3AF73ADC-0E40-404A-8434-A6C2324137D7}"
EndProject
Project("{FAE04EC0-301F-11D3-BF4B-00C04F79EFBC}") = "Tyuiu.AristovaAK.Sprint3.Task0.V2.Lib", "Tyuiu.AristovaAK.Sprint3.Task0.V2.Lib\Tyuiu.AristovaAK.Sprint3.Task0.V2.Lib.csproj", "{9A8A8F30-D53E-4878-9FC6-088BEA6AA11A}"
EndProject
Project("{2150E333-8FDC-42A3-9474-1A3956D46DE8}") = "Task1", "Task1", "{524E1394-B28E-46CA-8C16-45E7039A4879}"
EndProject
Project("{FAE04EC0-301F-11D3-BF4B-00C04F79EFBC}") = "Tyuiu.AristovaAK.Sprint3.Task1.V1", "Tyuiu.AristovaAK.Sprint3.Task1.V1\Tyuiu.AristovaAK.Sprint3.Task1.V1.csproj", "{491E8696-962B-490B-8EA3-037BFE011C88}"
EndProject
Project("{FAE04EC0-301F-11D3-BF4B-00C04F79EFBC}") = "Tyuiu.AristovaAK.Sprint3.Task1.V1.Lib", "Tyuiu.AristovaAK.Sprint3.Task1.V1.Lib\Tyuiu.AristovaAK.Sprint3.Task1.V1.Lib.csproj", "{83999077-C592-47BC-9CBF-BC41CC683061}"
EndProject
Project("{FAE04EC0-301F-11D3-BF4B-00C04F79EFBC}") = "Tyuiu.AristovaAK.Sprint3.Task1.V1.Test", "Tyuiu.AristovaAK.Sprint3.Task1.V1.Test\Tyuiu.AristovaAK.Sprint3.Task1.V1.Test.csproj", "{49456437-028E-464F-B327-98C8A08319B9}"
EndProject
Project("{2150E333-8FDC-42A3-9474-1A3956D46DE8}") = "Task2", "Task2", "{99C5F595-5FAE-455C-997A-A8E8DB4876B1}"
EndProject
Project("{FAE04EC0-301F-11D3-BF4B-00C04F79EFBC}") = "Tyuiu.AristovaAK.Sprint3.Task2.V4", "Tyuiu.AristovaAK.Sprint3.Task2.V4\Tyuiu.AristovaAK.Sprint3.Task2.V4.csproj", "{DF0F02C4-7887-43A6-B679-98997B91D056}"
EndProject
Project("{FAE04EC0-301F-11D3-BF4B-00C04F79EFBC}") = "Tyuiu.AristovaAK.Sprint3.Task2.V4.Test", "Tyuiu.AristovaAK.Sprint3.Task2.V4.Test\Tyuiu.AristovaAK.Sprint3.Task2.V4.Test.csproj", "{208FA6BD-4D10-4E32-823F-FEC9C5DDAF62}"
EndProject
Project("{FAE04EC0-301F-11D3-BF4B-00C04F79EFBC}") = "Tyuiu.AristovaAK.Sprint3.Task2.V4.Lib", "Tyuiu.AristovaAK.Sprint3.Task2.V4.Lib\Tyuiu.AristovaAK.Sprint3.Task2.V4.Lib.csproj", "{C3113738-B19C-45F2-9604-F5B921EE438A}"
EndProject
Project("{2150E333-8FDC-42A3-9474-1A3956D46DE8}") = "Task3", "Task3", "{5BA70E1A-0522-4E31-8BFB-12E3B735C40A}"
EndProject
Project("{FAE04EC0-301F-11D3-BF4B-00C04F79EFBC}") = "Tyuiu.AristovaAK.Sprint3.Task3.V21", "Tyuiu.AristovaAK.Sprint3.Task3.V21\Tyuiu.AristovaAK.Sprint3.Task3.V21.csproj", "{D1FB1968-9E57-4642-9F0E-7D120091BC75}"
EndProject
Project("{FAE04EC0-301F-11D3-BF4B-00C04F79EFBC}") = "Tyuiu.AristovaAK.Sprint3.Task3.V21.Lib", "Tyuiu.AristovaAK.Sprint3.Task3.V21.Lib\Tyuiu.AristovaAK.Sprint3.Task3.V21.Lib.csproj", "{C3DB25DC-502E-44E5-948F-3540C79783D9}"
EndProject
Project("{FAE04EC0-301F-11D3-BF4B-00C04F79EFBC}") = "Tyuiu.AristovaAK.Sprint3.Task3.V21.Test", "Tyuiu.AristovaAK.Sprint3.Task3.V21.Test\Tyuiu.AristovaAK.Sprint3.Task3.V21.Test.csproj", "{67FFBE9B-2F54-422F-9D85-8EF926B04C95}"
EndProject
Global
	GlobalSection(SolutionConfigurationPlatforms) = preSolution
		Debug|Any CPU = Debug|Any CPU
		Release|Any CPU = Release|Any CPU
	EndGlobalSection
	GlobalSection(ProjectConfigurationPlatforms) = postSolution
		{9E374DDD-80C4-4EA6-8638-E3928A545478}.Debug|Any CPU.ActiveCfg = Debug|Any CPU
		{9E374DDD-80C4-4EA6-8638-E3928A545478}.Debug|Any CPU.Build.0 = Debug|Any CPU
		{9E374DDD-80C4-4EA6-8638-E3928A545478}.Release|Any CPU.ActiveCfg = Release|Any CPU
		{9E374DDD-80C4-4EA6-8638-E3928A545478}.Release|Any CPU.Build.0 = Release|Any CPU
		{3AF73ADC-0E40-404A-8434-A6C2324137D7}.Debug|Any CPU.ActiveCfg = Debug|Any CPU
		{3AF73ADC-0E40-404A-8434-A6C2324137D7}.Debug|Any CPU.Build.0 = Debug|Any CPU
		{3AF73ADC-0E40-404A-8434-A6C2324137D7}.Release|Any CPU.ActiveCfg = Release|Any CPU
		{3AF73ADC-0E40-404A-8434-A6C2324137D7}.Release|Any CPU.Build.0 = Release|Any CPU
		{9A8A8F30-D53E-4878-9FC6-088BEA6AA11A}.Debug|Any CPU.ActiveCfg = Debug|Any CPU
		{9A8A8F30-D53E-4878-9FC6-088BEA6AA11A}.Debug|Any CPU.Build.0 = Debug|Any CPU
		{9A8A8F30-D53E-4878-9FC6-088BEA6AA11A}.Release|Any CPU.ActiveCfg = Release|Any CPU
		{9A8A8F30-D53E-4878-9FC6-088BEA6AA11A}.Release|Any CPU.Build.0 = Release|Any CPU
		{491E8696-962B-490B-8EA3-037BFE011C88}.Debug|Any CPU.ActiveCfg = Debug|Any CPU
		{491E8696-962B-490B-8EA3-037BFE011C88}.Debug|Any CPU.Build.0 = Debug|Any CPU
		{491E8696-962B-490B-8EA3-037BFE011C88}.Release|Any CPU.ActiveCfg = Release|Any CPU
		{491E8696-962B-490B-8EA3-037BFE011C88}.Release|Any CPU.Build.0 = Release|Any CPU
		{83999077-C592-47BC-9CBF-BC41CC683061}.Debug|Any CPU.ActiveCfg = Debug|Any CPU
		{83999077-C592-47BC-9CBF-BC41CC683061}.Debug|Any CPU.Build.0 = Debug|Any CPU
		{83999077-C592-47BC-9CBF-BC41CC683061}.Release|Any CPU.ActiveCfg = Release|Any CPU
		{83999077-C592-47BC-9CBF-BC41CC683061}.Release|Any CPU.Build.0 = Release|Any CPU
		{49456437-028E-464F-B327-98C8A08319B9}.Debug|Any CPU.ActiveCfg = Debug|Any CPU
		{49456437-028E-464F-B327-98C8A08319B9}.Debug|Any CPU.Build.0 = Debug|Any CPU
		{49456437-028E-464F-B327-98C8A08319B9}.Release|Any CPU.ActiveCfg = Release|Any CPU
		{49456437-028E-464F-B327-98C8A08319B9}.Release|Any CPU.Build.0 = Release|Any CPU
		{DF0F02C4-7887-43A6-B679-98997B91D056}.Debug|Any CPU.ActiveCfg = Debug|Any CPU
		{DF0F02C4-7887-43A6-B679-98997B91D056}.Debug|Any CPU.Build.0 = Debug|Any CPU
		{DF0F02C4-7887-43A6-B679-98997B91D056}.Release|Any CPU.ActiveCfg = Release|Any CPU
		{DF0F02C4-7887-43A6-B679-98997B91D056}.Release|Any CPU.Build.0 = Release|Any CPU
		{208FA6BD-4D10-4E32-823F-FEC9C5DDAF62}.Debug|Any CPU.ActiveCfg = Debug|Any CPU
		{208FA6BD-4D10-4E32-823F-FEC9C5DDAF62}.Debug|Any CPU.Build.0 = Debug|Any CPU
		{208FA6BD-4D10-4E32-823F-FEC9C5DDAF62}.Release|Any CPU.ActiveCfg = Release|Any CPU
		{208FA6BD-4D10-4E32-823F-FEC9C5DDAF62}.Release|Any CPU.Build.0 = Release|Any CPU
		{C3113738-B19C-45F2-9604-F5B921EE438A}.Debug|Any CPU.ActiveCfg = Debug|Any CPU
		{C3113738-B19C-45F2-9604-F5B921EE438A}.Debug|Any CPU.Build.0 = Debug|Any CPU
		{C3113738-B19C-45F2-9604-F5B921EE438A}.Release|Any CPU.ActiveCfg = Release|Any CPU
		{C3113738-B19C-45F2-9604-F5B921EE438A}.Release|Any CPU.Build.0 = Release|Any CPU
		{D1FB1968-9E57-4642-9F0E-7D120091BC75}.Debug|Any CPU.ActiveCfg = Debug|Any CPU
		{D1FB1968-9E57-4642-9F0E-7D120091BC75}.Debug|Any CPU.Build.0 = Debug|Any CPU
		{D1FB1968-9E57-4642-9F0E-7D120091BC75}.Release|Any CPU.ActiveCfg = Release|Any CPU
		{D1FB1968-9E57-4642-9F0E-7D120091BC75}.Release|Any CPU.Build.0 = Release|Any CPU
		{C3DB25DC-502E-44E5-948F-3540C79783D9}.Debug|Any CPU.ActiveCfg = Debug|Any CPU
		{C3DB25DC-502E-44E5-948F-3540C79783D9}.Debug|Any CPU.Build.0 = Debug|Any CPU
		{C3DB25DC-502E-44E5-948F-3540C79783D9}.Release|Any CPU.ActiveCfg = Release|Any CPU
		{C3DB25DC-502E-44E5-948F-3540C79783D9}.Release|Any CPU.Build.0 = Release|Any CPU
		{67FFBE9B-2F54-422F-9D85-8EF926B04C95}.Debug|Any CPU.ActiveCfg = Debug|Any CPU
		{67FFBE9B-2F54-422F-9D85-8EF926B04C95}.Debug|Any CPU.Build.0 = Debug|Any CPU
		{67FFBE9B-2F54-422F-9D85-8EF926B04C95}.Release|Any CPU.ActiveCfg = Release|Any CPU
		{67FFBE9B-2F54-422F-9D85-8EF926B04C95}.Release|Any CPU.Build.0 = Release|Any CPU
	EndGlobalSection
	GlobalSection(SolutionProperties) = preSolution
		HideSolutionNode = FALSE
	EndGlobalSection
	GlobalSection(NestedProjects) = preSolution
		{9E374DDD-80C4-4EA6-8638-E3928A545478} = {02EA681E-C7D8-13C7-8484-4AC65E1B71E8}
		{3AF73ADC-0E40-404A-8434-A6C2324137D7} = {02EA681E-C7D8-13C7-8484-4AC65E1B71E8}
		{9A8A8F30-D53E-4878-9FC6-088BEA6AA11A} = {02EA681E-C7D8-13C7-8484-4AC65E1B71E8}
		{491E8696-962B-490B-8EA3-037BFE011C88} = {524E1394-B28E-46CA-8C16-45E7039A4879}
		{83999077-C592-47BC-9CBF-BC41CC683061} = {524E1394-B28E-46CA-8C16-45E7039A4879}
		{49456437-028E-464F-B327-98C8A08319B9} = {524E1394-B28E-46CA-8C16-45E7039A4879}
		{DF0F02C4-7887-43A6-B679-98997B91D056} = {99C5F595-5FAE-455C-997A-A8E8DB4876B1}
		{208FA6BD-4D10-4E32-823F-FEC9C5DDAF62} = {99C5F595-5FAE-455C-997A-A8E8DB4876B1}
		{C3113738-B19C-45F2-9604-F5B921EE438A} = {99C5F595-5FAE-455C-997A-A8E8DB4876B1}
		{D1FB1968-9E57-4642-9F0E-7D120091BC75} = {5BA70E1A-0522-4E31-8BFB-12E3B735C40A}
		{C3DB25DC-502E-44E5-948F-3540C79783D9} = {5BA70E1A-0522-4E31-8BFB-12E3B735C40A}
		{67FFBE9B-2F54-422F-9D85-8EF926B04C95} = {5BA70E1A-0522-4E31-8BFB-12E3B735C40A}
	EndGlobalSection
	GlobalSection(ExtensibilityGlobals) = postSolution
		SolutionGuid = {F866A599-C8CF-4872-8BCA-44C0CB47282C}
	EndGlobalSection
EndGlobal
